
Microsoft Visual Studio Solution File, Format Version 12.00
# Visual Studio 15
VisualStudioVersion = 15.0.28307.902
MinimumVisualStudioVersion = 10.0.40219.1
Project("{FAE04EC0-301F-11D3-BF4B-00C04F79EFBC}") = "instagramCrwaling.cs", "instagramCrwaling.cs\instagramCrwaling.cs.csproj", "{6BEC545E-E548-4156-98C5-37DC7C01C2B8}"
EndProject
Project("{840C416C-B8F3-42BC-B0DD-F6BB14C9F8CB}") = "AI Setup Project1", "AI Setup Project1\AI Setup Project1.aiproj", "{41326386-BFA2-4B2F-ACF2-6AF309D1765F}"
EndProject
Global
	GlobalSection(SolutionConfigurationPlatforms) = preSolution
		All|Any CPU = All|Any CPU
		Debug|Any CPU = Debug|Any CPU
		Release|Any CPU = Release|Any CPU
	EndGlobalSection
	GlobalSection(ProjectConfigurationPlatforms) = postSolution
		{6BEC545E-E548-4156-98C5-37DC7C01C2B8}.All|Any CPU.ActiveCfg = Release|Any CPU
		{6BEC545E-E548-4156-98C5-37DC7C01C2B8}.All|Any CPU.Build.0 = Release|Any CPU
		{6BEC545E-E548-4156-98C5-37DC7C01C2B8}.Debug|Any CPU.ActiveCfg = Debug|Any CPU
		{6BEC545E-E548-4156-98C5-37DC7C01C2B8}.Debug|Any CPU.Build.0 = Debug|Any CPU
		{6BEC545E-E548-4156-98C5-37DC7C01C2B8}.Release|Any CPU.ActiveCfg = Release|Any CPU
		{6BEC545E-E548-4156-98C5-37DC7C01C2B8}.Release|Any CPU.Build.0 = Release|Any CPU
		{41326386-BFA2-4B2F-ACF2-6AF309D1765F}.All|Any CPU.ActiveCfg = DefaultBuild
		{41326386-BFA2-4B2F-ACF2-6AF309D1765F}.All|Any CPU.Build.0 = DefaultBuild
		{41326386-BFA2-4B2F-ACF2-6AF309D1765F}.Debug|Any CPU.ActiveCfg = DefaultBuild
		{41326386-BFA2-4B2F-ACF2-6AF309D1765F}.Debug|Any CPU.Build.0 = DefaultBuild
		{41326386-BFA2-4B2F-ACF2-6AF309D1765F}.Release|Any CPU.ActiveCfg = DefaultBuild
		{41326386-BFA2-4B2F-ACF2-6AF309D1765F}.Release|Any CPU.Build.0 = DefaultBuild
	EndGlobalSection
	GlobalSection(SolutionProperties) = preSolution
		HideSolutionNode = FALSE
	EndGlobalSection
	GlobalSection(ExtensibilityGlobals) = postSolution
		SolutionGuid = {B59477E2-5B53-4CC2-B80C-79DC732DF6ED}
	EndGlobalSection
EndGlobal
